{
  "object": {
    "pins": [
      {
        "package": "AudioKit",
        "repositoryURL": "https://github.com/AudioKit/AudioKit.git",
        "state": {
          "branch": "develop",
          "revision": "9396953890edffe0a4b82b8638b35014ff790b90",
          "version": null
        }
      }
    ]
  },
  "version": 1
}
