{
  "object": {
    "pins": [
      {
        "package": "AudioKit",
        "repositoryURL": "https://github.com/AudioKit/AudioKit.git",
        "state": {
          "branch": "develop",
          "revision": "5f6c03abe8e86905a4d8b23fb54eea86ed00f862",
          "version": null
        }
      }
    ]
  },
  "version": 1
}
