{
  "object": {
    "pins": [
      {
        "package": "AudioKit",
        "repositoryURL": "https://github.com/AudioKit/AudioKit.git",
        "state": {
          "branch": "develop",
          "revision": "d49d9026ffc7073f394c6a7cb1863be2a4c2e537",
          "version": null
        }
      }
    ]
  },
  "version": 1
}
